// !$*UTF8*$!
{
	archiveVersion = 1;
	classes = {
	};
	objectVersion = 48;
	objects = {

/* Begin PBXBuildFile section */
		82E88D89200BC453005B8F8F /* AppDelegate.swift in Sources */ = {isa = PBXBuildFile; fileRef = 82E88D88200BC453005B8F8F /* AppDelegate.swift */; };
		82E88D8E200BC453005B8F8F /* Main.storyboard in Resources */ = {isa = PBXBuildFile; fileRef = 82E88D8C200BC453005B8F8F /* Main.storyboard */; };
		82E88D90200BC453005B8F8F /* Assets.xcassets in Resources */ = {isa = PBXBuildFile; fileRef = 82E88D8F200BC453005B8F8F /* Assets.xcassets */; };
		82E88D93200BC453005B8F8F /* LaunchScreen.storyboard in Resources */ = {isa = PBXBuildFile; fileRef = 82E88D91200BC453005B8F8F /* LaunchScreen.storyboard */; };
		82E88D9C200BC4DA005B8F8F /* MainController.swift in Sources */ = {isa = PBXBuildFile; fileRef = 82E88D9B200BC4DA005B8F8F /* MainController.swift */; };
/* End PBXBuildFile section */

/* Begin PBXFileReference section */
		82E88D85200BC453005B8F8F /* LargeNavigationBarTitle.app */ = {isa = PBXFileReference; explicitFileType = wrapper.application; includeInIndex = 0; path = LargeNavigationBarTitle.app; sourceTree = BUILT_PRODUCTS_DIR; };
		82E88D88200BC453005B8F8F /* AppDelegate.swift */ = {isa = PBXFileReference; lastKnownFileType = sourcecode.swift; path = AppDelegate.swift; sourceTree = "<group>"; };
		82E88D8D200BC453005B8F8F /* Base */ = {isa = PBXFileReference; lastKnownFileType = file.storyboard; name = Base; path = Base.lproj/Main.storyboard; sourceTree = "<group>"; };
		82E88D8F200BC453005B8F8F /* Assets.xcassets */ = {isa = PBXFileReference; lastKnownFileType = folder.assetcatalog; path = Assets.xcassets; sourceTree = "<group>"; };
		82E88D92200BC453005B8F8F /* Base */ = {isa = PBXFileReference; lastKnownFileType = file.storyboard; name = Base; path = Base.lproj/LaunchScreen.storyboard; sourceTree = "<group>"; };
		82E88D94200BC453005B8F8F /* Info.plist */ = {isa = PBXFileReference; lastKnownFileType = text.plist.xml; path = Info.plist; sourceTree = "<group>"; };
		82E88D9B200BC4DA005B8F8F /* MainController.swift */ = {isa = PBXFileReference; lastKnownFileType = sourcecode.swift; path = MainController.swift; sourceTree = "<group>"; };
/* End PBXFileReference section */

/* Begin PBXFrameworksBuildPhase section */
		82E88D82200BC453005B8F8F /* Frameworks */ = {
			isa = PBXFrameworksBuildPhase;
			buildActionMask = 2147483647;
			files = (
			);
			runOnlyForDeploymentPostprocessing = 0;
		};
/* End PBXFrameworksBuildPhase section */

/* Begin PBXGroup section */
		82E88D7C200BC453005B8F8F = {
			isa = PBXGroup;
			children = (
				82E88D87200BC453005B8F8F /* LargeNavigationBarTitle */,
				82E88D86200BC453005B8F8F /* Products */,
			);
			sourceTree = "<group>";
		};
		82E88D86200BC453005B8F8F /* Products */ = {
			isa = PBXGroup;
			children = (
				82E88D85200BC453005B8F8F /* LargeNavigationBarTitle.app */,
			);
			name = Products;
			sourceTree = "<group>";
		};
		82E88D87200BC453005B8F8F /* LargeNavigationBarTitle */ = {
			isa = PBXGroup;
			children = (
				82E88D88200BC453005B8F8F /* AppDelegate.swift */,
				82E88D8C200BC453005B8F8F /* Main.storyboard */,
				82E88D8F200BC453005B8F8F /* Assets.xcassets */,
				82E88D91200BC453005B8F8F /* LaunchScreen.storyboard */,
				82E88D94200BC453005B8F8F /* Info.plist */,
				82E88D9B200BC4DA005B8F8F /* MainController.swift */,
			);
			path = LargeNavigationBarTitle;
			sourceTree = "<group>";
		};
/* End PBXGroup section */

/* Begin PBXNativeTarget section */
		82E88D84200BC453005B8F8F /* LargeNavigationBarTitle */ = {
			isa = PBXNativeTarget;
			buildConfigurationList = 82E88D97200BC453005B8F8F /* Build configuration list for PBXNativeTarget "LargeNavigationBarTitle" */;
			buildPhases = (
				82E88D81200BC453005B8F8F /* Sources */,
				82E88D82200BC453005B8F8F /* Frameworks */,
				82E88D83200BC453005B8F8F /* Resources */,
			);
			buildRules = (
			);
			dependencies = (
			);
			name = LargeNavigationBarTitle;
			productName = LargeNavigationBarTitle;
			productReference = 82E88D85200BC453005B8F8F /* LargeNavigationBarTitle.app */;
			productType = "com.apple.product-type.application";
		};
/* End PBXNativeTarget section */

/* Begin PBXProject section */
		82E88D7D200BC453005B8F8F /* Project object */ = {
			isa = PBXProject;
			attributes = {
				LastSwiftUpdateCheck = 0920;
				LastUpgradeCheck = 0920;
				ORGANIZATIONNAME = "Marcelo Sampaio";
				TargetAttributes = {
					82E88D84200BC453005B8F8F = {
						CreatedOnToolsVersion = 9.2;
						ProvisioningStyle = Automatic;
					};
				};
			};
			buildConfigurationList = 82E88D80200BC453005B8F8F /* Build configuration list for PBXProject "LargeNavigationBarTitle" */;
			compatibilityVersion = "Xcode 8.0";
			developmentRegion = en;
			hasScannedForEncodings = 0;
			knownRegions = (
				en,
				Base,
			);
			mainGroup = 82E88D7C200BC453005B8F8F;
			productRefGroup = 82E88D86200BC453005B8F8F /* Products */;
			projectDirPath = "";
			projectRoot = "";
			targets = (
				82E88D84200BC453005B8F8F /* LargeNavigationBarTitle */,
			);
		};
/* End PBXProject section */

/* Begin PBXResourcesBuildPhase section */
		82E88D83200BC453005B8F8F /* Resources */ = {
			isa = PBXResourcesBuildPhase;
			buildActionMask = 2147483647;
			files = (
				82E88D93200BC453005B8F8F /* LaunchScreen.storyboard in Resources */,
				82E88D90200BC453005B8F8F /* Assets.xcassets in Resources */,
				82E88D8E200BC453005B8F8F /* Main.storyboard in Resources */,
			);
			runOnlyForDeploymentPostprocessing = 0;
		};
/* End PBXResourcesBuildPhase section */

/* Begin PBXSourcesBuildPhase section */
		82E88D81200BC453005B8F8F /* Sources */ = {
			isa = PBXSourcesBuildPhase;
			buildActionMask = 2147483647;
			files = (
				82E88D9C200BC4DA005B8F8F /* MainController.swift in Sources */,
				82E88D89200BC453005B8F8F /* AppDelegate.swift in Sources */,
			);
			runOnlyForDeploymentPostprocessing = 0;
		};
/* End PBXSourcesBuildPhase section */

/* Begin PBXVariantGroup section */
		82E88D8C200BC453005B8F8F /* Main.storyboard */ = {
			isa = PBXVariantGroup;
			children = (
				82E88D8D200BC453005B8F8F /* Base */,
			);
			name = Main.storyboard;
			sourceTree = "<group>";
		};
		82E88D91200BC453005B8F8F /* LaunchScreen.storyboard */ = {
			isa = PBXVariantGroup;
			children = (
				82E88D92200BC453005B8F8F /* Base */,
			);
			name = LaunchScreen.storyboard;
			sourceTree = "<group>";
		};
/* End PBXVariantGroup section */

/* Begin XCBuildConfiguration section */
		82E88D95200BC453005B8F8F /* Debug */ = {
			isa = XCBuildConfiguration;
			buildSettings = {
				ALWAYS_SEARCH_USER_PATHS = NO;
				CLANG_ANALYZER_NONNULL = YES;
				CLANG_ANALYZER_NUMBER_OBJECT_CONVERSION = YES_AGGRESSIVE;
				CLANG_CXX_LANGUAGE_STANDARD = "gnu++14";
				CLANG_CXX_LIBRARY = "libc++";
				CLANG_ENABLE_MODULES = YES;
				CLANG_ENABLE_OBJC_ARC = YES;
				CLANG_WARN_BLOCK_CAPTURE_AUTORELEASING = YES;
				CLANG_WARN_BOOL_CONVERSION = YES;
				CLANG_WARN_COMMA = YES;
				CLANG_WARN_CONSTANT_CONVERSION = YES;
				CLANG_WARN_DIRECT_OBJC_ISA_USAGE = YES_ERROR;
				CLANG_WARN_DOCUMENTATION_COMMENTS = YES;
				CLANG_WARN_EMPTY_BODY = YES;
				CLANG_WARN_ENUM_CONVERSION = YES;
				CLANG_WARN_INFINITE_RECURSION = YES;
				CLANG_WARN_INT_CONVERSION = YES;
				CLANG_WARN_NON_LITERAL_NULL_CONVERSION = YES;
				CLANG_WARN_OBJC_LITERAL_CONVERSION = YES;
				CLANG_WARN_OBJC_ROOT_CLASS = YES_ERROR;
				CLANG_WARN_RANGE_LOOP_ANALYSIS = YES;
				CLANG_WARN_STRICT_PROTOTYPES = YES;
				CLANG_WARN_SUSPICIOUS_MOVE = YES;
				CLANG_WARN_UNGUARDED_AVAILABILITY = YES_AGGRESSIVE;
				CLANG_WARN_UNREACHABLE_CODE = YES;
				CLANG_WARN__DUPLICATE_METHOD_MATCH = YES;
				CODE_SIGN_IDENTITY = "iPhone Developer";
				COPY_PHASE_STRIP = NO;
				DEBUG_INFORMATION_FORMAT = dwarf;
				ENABLE_STRICT_OBJC_MSGSEND = YES;
				ENABLE_TESTABILITY = YES;
				GCC_C_LANGUAGE_STANDARD = gnu11;
				GCC_DYNAMIC_NO_PIC = NO;
				GCC_NO_COMMON_BLOCKS = YES;
				GCC_OPTIMIZATION_LEVEL = 0;
				GCC_PREPROCESSOR_DEFINITIONS = (
					"DEBUG=1",
					"$(inherited)",
				);
				GCC_WARN_64_TO_32_BIT_CONVERSION = YES;
				GCC_WARN_ABOUT_RETURN_TYPE = YES_ERROR;
				GCC_WARN_UNDECLARED_SELECTOR = YES;
				GCC_WARN_UNINITIALIZED_AUTOS = YES_AGGRESSIVE;
				GCC_WARN_UNUSED_FUNCTION = YES;
				GCC_WARN_UNUSED_VARIABLE = YES;
				IPHONEOS_DEPLOYMENT_TARGET = 11.2;
				MTL_ENABLE_DEBUG_INFO = YES;
				ONLY_ACTIVE_ARCH = YES;
				SDKROOT = iphoneos;
				SWIFT_ACTIVE_COMPILATION_CONDITIONS = DEBUG;
				SWIFT_OPTIMIZATION_LEVEL = "-Onone";
			};
			name = Debug;
		};
		82E88D96200BC453005B8F8F /* Release */ = {
			isa = XCBuildConfiguration;
			buildSettings = {
				ALWAYS_SEARCH_USER_PATHS = NO;
				CLANG_ANALYZER_NONNULL = YES;
				CLANG_ANALYZER_NUMBER_OBJECT_CONVERSION = YES_AGGRESSIVE;
				CLANG_CXX_LANGUAGE_STANDARD = "gnu++14";
				CLANG_CXX_LIBRARY = "libc++";
				CLANG_ENABLE_MODULES = YES;
				CLANG_ENABLE_OBJC_ARC = YES;
				CLANG_WARN_BLOCK_CAPTURE_AUTORELEASING = YES;
				CLANG_WARN_BOOL_CONVERSION = YES;
				CLANG_WARN_COMMA = YES;
				CLANG_WARN_CONSTANT_CONVERSION = YES;
				CLANG_WARN_DIRECT_OBJC_ISA_USAGE = YES_ERROR;
				CLANG_WARN_DOCUMENTATION_COMMENTS = YES;
				CLANG_WARN_EMPTY_BODY = YES;
				CLANG_WARN_ENUM_CONVERSION = YES;
				CLANG_WARN_INFINITE_RECURSION = YES;
				CLANG_WARN_INT_CONVERSION = YES;
				CLANG_WARN_NON_LITERAL_NULL_CONVERSION = YES;
				CLANG_WARN_OBJC_LITERAL_CONVERSION = YES;
				CLANG_WARN_OBJC_ROOT_CLASS = YES_ERROR;
				CLANG_WARN_RANGE_LOOP_ANALYSIS = YES;
				CLANG_WARN_STRICT_PROTOTYPES = YES;
				CLANG_WARN_SUSPICIOUS_MOVE = YES;
				CLANG_WARN_UNGUARDED_AVAILABILITY = YES_AGGRESSIVE;
				CLANG_WARN_UNREACHABLE_CODE = YES;
				CLANG_WARN__DUPLICATE_METHOD_MATCH = YES;
				CODE_SIGN_IDENTITY = "iPhone Developer";
				COPY_PHASE_STRIP = NO;
				DEBUG_INFORMATION_FORMAT = "dwarf-with-dsym";
				ENABLE_NS_ASSERTIONS = NO;
				ENABLE_STRICT_OBJC_MSGSEND = YES;
				GCC_C_LANGUAGE_STANDARD = gnu11;
				GCC_NO_COMMON_BLOCKS = YES;
				GCC_WARN_64_TO_32_BIT_CONVERSION = YES;
				GCC_WARN_ABOUT_RETURN_TYPE = YES_ERROR;
				GCC_WARN_UNDECLARED_SELECTOR = YES;
				GCC_WARN_UNINITIALIZED_AUTOS = YES_AGGRESSIVE;
				GCC_WARN_UNUSED_FUNCTION = YES;
				GCC_WARN_UNUSED_VARIABLE = YES;
				IPHONEOS_DEPLOYMENT_TARGET = 11.2;
				MTL_ENABLE_DEBUG_INFO = NO;
				SDKROOT = iphoneos;
				SWIFT_OPTIMIZATION_LEVEL = "-Owholemodule";
				VALIDATE_PRODUCT = YES;
			};
			name = Release;
		};
		82E88D98200BC453005B8F8F /* Debug */ = {
			isa = XCBuildConfiguration;
			buildSettings = {
				ASSETCATALOG_COMPILER_APPICON_NAME = AppIcon;
				CODE_SIGN_STYLE = Automatic;
				DEVELOPMENT_TEAM = 5U294U2N56;
				INFOPLIST_FILE = LargeNavigationBarTitle/Info.plist;
				LD_RUNPATH_SEARCH_PATHS = "$(inherited) @executable_path/Frameworks";
				PRODUCT_BUNDLE_IDENTIFIER = MAS.LargeNavigationBarTitle;
				PRODUCT_NAME = "$(TARGET_NAME)";
				SWIFT_VERSION = 4.0;
				TARGETED_DEVICE_FAMILY = "1,2";
			};
			name = Debug;
		};
		82E88D99200BC453005B8F8F /* Release */ = {
			isa = XCBuildConfiguration;
			buildSettings = {
				ASSETCATALOG_COMPILER_APPICON_NAME = AppIcon;
				CODE_SIGN_STYLE = Automatic;
				DEVELOPMENT_TEAM = 5U294U2N56;
				INFOPLIST_FILE = LargeNavigationBarTitle/Info.plist;
				LD_RUNPATH_SEARCH_PATHS = "$(inherited) @executable_path/Frameworks";
				PRODUCT_BUNDLE_IDENTIFIER = MAS.LargeNavigationBarTitle;
				PRODUCT_NAME = "$(TARGET_NAME)";
				SWIFT_VERSION = 4.0;
				TARGETED_DEVICE_FAMILY = "1,2";
			};
			name = Release;
		};
/* End XCBuildConfiguration section */

/* Begin XCConfigurationList section */
		82E88D80200BC453005B8F8F /* Build configuration list for PBXProject "LargeNavigationBarTitle" */ = {
			isa = XCConfigurationList;
			buildConfigurations = (
				82E88D95200BC453005B8F8F /* Debug */,
				82E88D96200BC453005B8F8F /* Release */,
			);
			defaultConfigurationIsVisible = 0;
			defaultConfigurationName = Release;
		};
		82E88D97200BC453005B8F8F /* Build configuration list for PBXNativeTarget "LargeNavigationBarTitle" */ = {
			isa = XCConfigurationList;
			buildConfigurations = (
				82E88D98200BC453005B8F8F /* Debug */,
				82E88D99200BC453005B8F8F /* Release */,
			);
			defaultConfigurationIsVisible = 0;
			defaultConfigurationName = Release;
		};
/* End XCConfigurationList section */
	};
	rootObject = 82E88D7D200BC453005B8F8F /* Project object */;
}
